
Microsoft Visual Studio Solution File, Format Version 12.00
# Visual Studio 14
VisualStudioVersion = 14.0.25420.1
MinimumVisualStudioVersion = 10.0.40219.1
Project("{FAE04EC0-301F-11D3-BF4B-00C04F79EFBC}") = "ContactAPIDemo", "ContactAPIDemo\ContactAPIDemo.csproj", "{D7C5FE63-3E59-4B1A-BFD5-694946E1C3E9}"
EndProject
Project("{FAE04EC0-301F-11D3-BF4B-00C04F79EFBC}") = "ContactAPIDemo.Tests", "ContactAPIDemo.Tests\ContactAPIDemo.Tests.csproj", "{64EE3B35-D1E4-4EC3-ABE7-63C7EF0F220F}"
EndProject
Global
	GlobalSection(SolutionConfigurationPlatforms) = preSolution
		Debug|Any CPU = Debug|Any CPU
		Release|Any CPU = Release|Any CPU
	EndGlobalSection
	GlobalSection(ProjectConfigurationPlatforms) = postSolution
		{D7C5FE63-3E59-4B1A-BFD5-694946E1C3E9}.Debug|Any CPU.ActiveCfg = Debug|Any CPU
		{D7C5FE63-3E59-4B1A-BFD5-694946E1C3E9}.Debug|Any CPU.Build.0 = Debug|Any CPU
		{D7C5FE63-3E59-4B1A-BFD5-694946E1C3E9}.Release|Any CPU.ActiveCfg = Release|Any CPU
		{D7C5FE63-3E59-4B1A-BFD5-694946E1C3E9}.Release|Any CPU.Build.0 = Release|Any CPU
		{64EE3B35-D1E4-4EC3-ABE7-63C7EF0F220F}.Debug|Any CPU.ActiveCfg = Debug|Any CPU
		{64EE3B35-D1E4-4EC3-ABE7-63C7EF0F220F}.Debug|Any CPU.Build.0 = Debug|Any CPU
		{64EE3B35-D1E4-4EC3-ABE7-63C7EF0F220F}.Release|Any CPU.ActiveCfg = Release|Any CPU
		{64EE3B35-D1E4-4EC3-ABE7-63C7EF0F220F}.Release|Any CPU.Build.0 = Release|Any CPU
	EndGlobalSection
	GlobalSection(SolutionProperties) = preSolution
		HideSolutionNode = FALSE
	EndGlobalSection
EndGlobal
